{
  "requires": true,
  "lockfileVersion": 1,
  "dependencies": {
    "@gear-js/api": {
      "version": "0.33.1",
      "resolved": "https://registry.npmjs.org/@gear-js/api/-/api-0.33.1.tgz",
      "integrity": "sha512-c0/TFYfVnIukeMf0xh/8dUbKGrgkJNU7L7wCNJJ0p5h8XyIhxHeJxOu8M5fLC0Tlp+SCTtGzBaDyEpkGthpnEg=="
    }
  }
}
